
Microsoft Visual Studio Solution File, Format Version 12.00
# Visual Studio Version 17
VisualStudioVersion = 17.0.31903.59
MinimumVisualStudioVersion = 10.0.40219.1
Project("{2150E333-8FDC-42A3-9474-1A3956D46DE8}") = "Server", "Server", "{DAD03CFC-D5FA-AC94-41C7-9ABAB326F09E}"
EndProject
Project("{FAE04EC0-301F-11D3-BF4B-00C04F79EFBC}") = "RepositoryContracts", "Server\RepositoryContracts\RepositoryContracts.csproj", "{D5AC31D0-18B4-484E-9CC4-657EB73E79F5}"
EndProject
Project("{FAE04EC0-301F-11D3-BF4B-00C04F79EFBC}") = "Models", "Server\Models\Models.csproj", "{FF1D980B-F2B9-4106-BBA4-C4272D53FFB5}"
EndProject
Project("{FAE04EC0-301F-11D3-BF4B-00C04F79EFBC}") = "InMemoryRepositories", "Server\InMemoryRepositories\InMemoryRepositories.csproj", "{6FA44AE1-2BBD-4202-9C6F-27B6955F432F}"
EndProject
Project("{FAE04EC0-301F-11D3-BF4B-00C04F79EFBC}") = "CLI", "Server\CLI\CLI.csproj", "{DA66391F-3BFE-4BB5-B810-AD0CBB73381D}"
EndProject
Project("{FAE04EC0-301F-11D3-BF4B-00C04F79EFBC}") = "FileRepositories", "Server\FileRepositories\FileRepositories.csproj", "{ECF9994F-AC95-4002-838E-498640FBE6DF}"
EndProject
Global
	GlobalSection(SolutionConfigurationPlatforms) = preSolution
		Debug|Any CPU = Debug|Any CPU
		Debug|x64 = Debug|x64
		Debug|x86 = Debug|x86
		Release|Any CPU = Release|Any CPU
		Release|x64 = Release|x64
		Release|x86 = Release|x86
	EndGlobalSection
	GlobalSection(ProjectConfigurationPlatforms) = postSolution
		{D5AC31D0-18B4-484E-9CC4-657EB73E79F5}.Debug|Any CPU.ActiveCfg = Debug|Any CPU
		{D5AC31D0-18B4-484E-9CC4-657EB73E79F5}.Debug|Any CPU.Build.0 = Debug|Any CPU
		{D5AC31D0-18B4-484E-9CC4-657EB73E79F5}.Debug|x64.ActiveCfg = Debug|Any CPU
		{D5AC31D0-18B4-484E-9CC4-657EB73E79F5}.Debug|x64.Build.0 = Debug|Any CPU
		{D5AC31D0-18B4-484E-9CC4-657EB73E79F5}.Debug|x86.ActiveCfg = Debug|Any CPU
		{D5AC31D0-18B4-484E-9CC4-657EB73E79F5}.Debug|x86.Build.0 = Debug|Any CPU
		{D5AC31D0-18B4-484E-9CC4-657EB73E79F5}.Release|Any CPU.ActiveCfg = Release|Any CPU
		{D5AC31D0-18B4-484E-9CC4-657EB73E79F5}.Release|Any CPU.Build.0 = Release|Any CPU
		{D5AC31D0-18B4-484E-9CC4-657EB73E79F5}.Release|x64.ActiveCfg = Release|Any CPU
		{D5AC31D0-18B4-484E-9CC4-657EB73E79F5}.Release|x64.Build.0 = Release|Any CPU
		{D5AC31D0-18B4-484E-9CC4-657EB73E79F5}.Release|x86.ActiveCfg = Release|Any CPU
		{D5AC31D0-18B4-484E-9CC4-657EB73E79F5}.Release|x86.Build.0 = Release|Any CPU
		{FF1D980B-F2B9-4106-BBA4-C4272D53FFB5}.Debug|Any CPU.ActiveCfg = Debug|Any CPU
		{FF1D980B-F2B9-4106-BBA4-C4272D53FFB5}.Debug|Any CPU.Build.0 = Debug|Any CPU
		{FF1D980B-F2B9-4106-BBA4-C4272D53FFB5}.Debug|x64.ActiveCfg = Debug|Any CPU
		{FF1D980B-F2B9-4106-BBA4-C4272D53FFB5}.Debug|x64.Build.0 = Debug|Any CPU
		{FF1D980B-F2B9-4106-BBA4-C4272D53FFB5}.Debug|x86.ActiveCfg = Debug|Any CPU
		{FF1D980B-F2B9-4106-BBA4-C4272D53FFB5}.Debug|x86.Build.0 = Debug|Any CPU
		{FF1D980B-F2B9-4106-BBA4-C4272D53FFB5}.Release|Any CPU.ActiveCfg = Release|Any CPU
		{FF1D980B-F2B9-4106-BBA4-C4272D53FFB5}.Release|Any CPU.Build.0 = Release|Any CPU
		{FF1D980B-F2B9-4106-BBA4-C4272D53FFB5}.Release|x64.ActiveCfg = Release|Any CPU
		{FF1D980B-F2B9-4106-BBA4-C4272D53FFB5}.Release|x64.Build.0 = Release|Any CPU
		{FF1D980B-F2B9-4106-BBA4-C4272D53FFB5}.Release|x86.ActiveCfg = Release|Any CPU
		{FF1D980B-F2B9-4106-BBA4-C4272D53FFB5}.Release|x86.Build.0 = Release|Any CPU
		{6FA44AE1-2BBD-4202-9C6F-27B6955F432F}.Debug|Any CPU.ActiveCfg = Debug|Any CPU
		{6FA44AE1-2BBD-4202-9C6F-27B6955F432F}.Debug|Any CPU.Build.0 = Debug|Any CPU
		{6FA44AE1-2BBD-4202-9C6F-27B6955F432F}.Debug|x64.ActiveCfg = Debug|Any CPU
		{6FA44AE1-2BBD-4202-9C6F-27B6955F432F}.Debug|x64.Build.0 = Debug|Any CPU
		{6FA44AE1-2BBD-4202-9C6F-27B6955F432F}.Debug|x86.ActiveCfg = Debug|Any CPU
		{6FA44AE1-2BBD-4202-9C6F-27B6955F432F}.Debug|x86.Build.0 = Debug|Any CPU
		{6FA44AE1-2BBD-4202-9C6F-27B6955F432F}.Release|Any CPU.ActiveCfg = Release|Any CPU
		{6FA44AE1-2BBD-4202-9C6F-27B6955F432F}.Release|Any CPU.Build.0 = Release|Any CPU
		{6FA44AE1-2BBD-4202-9C6F-27B6955F432F}.Release|x64.ActiveCfg = Release|Any CPU
		{6FA44AE1-2BBD-4202-9C6F-27B6955F432F}.Release|x64.Build.0 = Release|Any CPU
		{6FA44AE1-2BBD-4202-9C6F-27B6955F432F}.Release|x86.ActiveCfg = Release|Any CPU
		{6FA44AE1-2BBD-4202-9C6F-27B6955F432F}.Release|x86.Build.0 = Release|Any CPU
		{DA66391F-3BFE-4BB5-B810-AD0CBB73381D}.Debug|Any CPU.ActiveCfg = Debug|Any CPU
		{DA66391F-3BFE-4BB5-B810-AD0CBB73381D}.Debug|Any CPU.Build.0 = Debug|Any CPU
		{DA66391F-3BFE-4BB5-B810-AD0CBB73381D}.Debug|x64.ActiveCfg = Debug|Any CPU
		{DA66391F-3BFE-4BB5-B810-AD0CBB73381D}.Debug|x64.Build.0 = Debug|Any CPU
		{DA66391F-3BFE-4BB5-B810-AD0CBB73381D}.Debug|x86.ActiveCfg = Debug|Any CPU
		{DA66391F-3BFE-4BB5-B810-AD0CBB73381D}.Debug|x86.Build.0 = Debug|Any CPU
		{DA66391F-3BFE-4BB5-B810-AD0CBB73381D}.Release|Any CPU.ActiveCfg = Release|Any CPU
		{DA66391F-3BFE-4BB5-B810-AD0CBB73381D}.Release|Any CPU.Build.0 = Release|Any CPU
		{DA66391F-3BFE-4BB5-B810-AD0CBB73381D}.Release|x64.ActiveCfg = Release|Any CPU
		{DA66391F-3BFE-4BB5-B810-AD0CBB73381D}.Release|x64.Build.0 = Release|Any CPU
		{DA66391F-3BFE-4BB5-B810-AD0CBB73381D}.Release|x86.ActiveCfg = Release|Any CPU
		{DA66391F-3BFE-4BB5-B810-AD0CBB73381D}.Release|x86.Build.0 = Release|Any CPU
		{ECF9994F-AC95-4002-838E-498640FBE6DF}.Debug|Any CPU.ActiveCfg = Debug|Any CPU
		{ECF9994F-AC95-4002-838E-498640FBE6DF}.Debug|Any CPU.Build.0 = Debug|Any CPU
		{ECF9994F-AC95-4002-838E-498640FBE6DF}.Debug|x64.ActiveCfg = Debug|Any CPU
		{ECF9994F-AC95-4002-838E-498640FBE6DF}.Debug|x64.Build.0 = Debug|Any CPU
		{ECF9994F-AC95-4002-838E-498640FBE6DF}.Debug|x86.ActiveCfg = Debug|Any CPU
		{ECF9994F-AC95-4002-838E-498640FBE6DF}.Debug|x86.Build.0 = Debug|Any CPU
		{ECF9994F-AC95-4002-838E-498640FBE6DF}.Release|Any CPU.ActiveCfg = Release|Any CPU
		{ECF9994F-AC95-4002-838E-498640FBE6DF}.Release|Any CPU.Build.0 = Release|Any CPU
		{ECF9994F-AC95-4002-838E-498640FBE6DF}.Release|x64.ActiveCfg = Release|Any CPU
		{ECF9994F-AC95-4002-838E-498640FBE6DF}.Release|x64.Build.0 = Release|Any CPU
		{ECF9994F-AC95-4002-838E-498640FBE6DF}.Release|x86.ActiveCfg = Release|Any CPU
		{ECF9994F-AC95-4002-838E-498640FBE6DF}.Release|x86.Build.0 = Release|Any CPU
	EndGlobalSection
	GlobalSection(SolutionProperties) = preSolution
		HideSolutionNode = FALSE
	EndGlobalSection
	GlobalSection(NestedProjects) = preSolution
		{D5AC31D0-18B4-484E-9CC4-657EB73E79F5} = {DAD03CFC-D5FA-AC94-41C7-9ABAB326F09E}
		{FF1D980B-F2B9-4106-BBA4-C4272D53FFB5} = {DAD03CFC-D5FA-AC94-41C7-9ABAB326F09E}
		{6FA44AE1-2BBD-4202-9C6F-27B6955F432F} = {DAD03CFC-D5FA-AC94-41C7-9ABAB326F09E}
		{DA66391F-3BFE-4BB5-B810-AD0CBB73381D} = {DAD03CFC-D5FA-AC94-41C7-9ABAB326F09E}
		{ECF9994F-AC95-4002-838E-498640FBE6DF} = {DAD03CFC-D5FA-AC94-41C7-9ABAB326F09E}
	EndGlobalSection
EndGlobal
